{
  "name": "~TODO~",
  "version": "0.0.1",
  "lockfileVersion": 2,
  "requires": true,
  "packages": {
    "": {
      "name": "~TODO~",
      "version": "0.0.1",
      "dependencies": {
        "@fontsource/fira-mono": "^4.2.2",
        "@lukeed/uuid": "^2.0.0",
        "cookie": "^0.4.1",
        "netlify-cli": "^3.24.3"
      },
      "devDependencies": {
        "@sveltejs/adapter-netlify": "^1.0.0-next.10",
        "@sveltejs/kit": "next",
        "svelte": "^3.34.0",
        "vite": "^2.1.0"
      }
    },
    "node_modules/@fontsource/fira-mono": {
      "version": "4.2.2",
      "resolved": "https://registry.nlark.com/@fontsource/fira-mono/download/@fontsource/fira-mono-4.2.2.tgz",
      "integrity": "sha1-rTmktcFod7FqIpl5XW3lWqrspPE="
    },
    "node_modules/@lukeed/csprng": {
      "version": "1.0.0",
      "resolved": "https://registry.npm.taobao.org/@lukeed/csprng/download/@lukeed/csprng-1.0.0.tgz",
      "integrity": "sha1-czoSI4J0nSfi5G7Dj4xxydU6ljY=",
      "engines": {
        "node": ">=8"
      }
    },
    "node_modules/@lukeed/uuid": {
      "version": "2.0.0",
      "resolved": "https://registry.npm.taobao.org/@lukeed/uuid/download/@lukeed/uuid-2.0.0.tgz",
      "integrity": "sha1-HA8zwHHLaQK8O55HV4KtpzFO+b0=",
      "dependencies": {
        "@lukeed/csprng": "^1.0.0"
      },
      "engines": {
        "node": ">=8"
      }
    },
    "node_modules/@rollup/pluginutils": {
      "version": "4.1.0",
      "resolved": "https://registry.nlark.com/@rollup/pluginutils/download/@rollup/pluginutils-4.1.0.tgz",
      "integrity": "sha1-Dcxhx4DjkldVT+t/dyB9zsoTyDg=",
      "dev": true,
      "dependencies": {
        "estree-walker": "^2.0.1",
        "picomatch": "^2.2.2"
      },
      "engines": {
        "node": ">= 8.0.0"
      },
      "peerDependencies": {
        "rollup": "^1.20.0||^2.0.0"
      }
    },
    "node_modules/@sveltejs/adapter-netlify": {
      "version": "1.0.0-next.10",
      "resolved": "https://registry.nlark.com/@sveltejs/adapter-netlify/download/@sveltejs/adapter-netlify-1.0.0-next.10.tgz",
      "integrity": "sha1-+Z+FA7Zv8dALoHqegDGPM4SpnPM=",
      "dev": true,
      "dependencies": {
        "@sveltejs/kit": "1.0.0-next.91",
        "esbuild": "^0.11.12",
        "toml": "^3.0.0"
      }
    },
    "node_modules/@sveltejs/adapter-netlify/node_modules/@sveltejs/kit": {
      "version": "1.0.0-next.91",
      "resolved": "https://registry.nlark.com/@sveltejs/kit/download/@sveltejs/kit-1.0.0-next.91.tgz",
      "integrity": "sha1-mtwh1LZFrOOiAlsjDGIZvIZlO8g=",
      "dev": true,
      "dependencies": {
        "@sveltejs/vite-plugin-svelte": "^1.0.0-next.7",
        "cheap-watch": "^1.0.3",
        "sade": "^1.7.4"
      },
      "bin": {
        "svelte-kit": "svelte-kit.js"
      },
      "engines": {
        "node": ">= 12.17.0"
      },
      "peerDependencies": {
        "svelte": "^3.32.1",
        "vite": "^2.2.3"
      }
    },
    "node_modules/@sveltejs/adapter-netlify/node_modules/esbuild": {
      "version": "0.11.17",
      "resolved": "https://registry.nlark.com/esbuild/download/esbuild-0.11.17.tgz",
      "integrity": "sha1-0qkpqRiGSrNkIXj0wNyEeE+GO1M=",
      "dev": true,
      "bin": {
        "esbuild": "bin/esbuild"
      }
    },
    "node_modules/@sveltejs/kit": {
      "version": "1.0.0-next.94",
      "resolved": "https://registry.nlark.com/@sveltejs/kit/download/@sveltejs/kit-1.0.0-next.94.tgz",
      "integrity": "sha1-n1DrnimGK3V4aCFj4Vl4WGrrmTE=",
      "dev": true,
      "dependencies": {
        "@sveltejs/vite-plugin-svelte": "^1.0.0-next.9",
        "cheap-watch": "^1.0.3",
        "sade": "^1.7.4"
      },
      "bin": {
        "svelte-kit": "svelte-kit.js"
      },
      "engines": {
        "node": ">= 12.17.0"
      },
      "peerDependencies": {
        "svelte": "^3.32.1",
        "vite": "^2.2.3"
      }
    },
    "node_modules/@sveltejs/vite-plugin-svelte": {
      "version": "1.0.0-next.9",
      "resolved": "https://registry.nlark.com/@sveltejs/vite-plugin-svelte/download/@sveltejs/vite-plugin-svelte-1.0.0-next.9.tgz",
      "integrity": "sha1-QJ4gwDApjpaMcdcb7xQWZcBue9k=",
      "dev": true,
      "dependencies": {
        "@rollup/pluginutils": "^4.1.0",
        "chalk": "^4.1.1",
        "debug": "^4.3.2",
        "hash-sum": "^2.0.0",
        "require-relative": "^0.8.7",
        "slash": "^4.0.0",
        "source-map": "^0.7.3",
        "svelte-hmr": "^0.14.2"
      },
      "engines": {
        "node": ">=12.0.0"
      },
      "peerDependencies": {
        "svelte": "^3.37.0",
        "vite": "^2.2.3"
      }
    },
    "node_modules/ansi-styles": {
      "version": "4.3.0",
      "resolved": "https://registry.nlark.com/ansi-styles/download/ansi-styles-4.3.0.tgz",
      "integrity": "sha1-7dgDYornHATIWuegkG7a00tkiTc=",
      "dependencies": {
        "color-convert": "^2.0.1"
      },
      "engines": {
        "node": ">=8"
      }
    },
    "node_modules/chalk": {
      "version": "4.1.1",
      "resolved": "https://registry.nlark.com/chalk/download/chalk-4.1.1.tgz?cache=0&sync_timestamp=1618995384030&other_urls=https%3A%2F%2Fregistry.nlark.com%2Fchalk%2Fdownload%2Fchalk-4.1.1.tgz",
      "integrity": "sha1-yAs/qyi/Y3HmhjMl7uZ+YYt35q0=",
      "dependencies": {
        "ansi-styles": "^4.1.0",
        "supports-color": "^7.1.0"
      },
      "engines": {
        "node": ">=10"
      }
    },
    "node_modules/cheap-watch": {
      "version": "1.0.3",
      "resolved": "https://registry.npm.taobao.org/cheap-watch/download/cheap-watch-1.0.3.tgz",
      "integrity": "sha1-PEJlcYvPjxrgj15FD59Gk0MuAo4=",
      "dev": true,
      "engines": {
        "node": ">=8"
      }
    },
    "node_modules/color-convert": {
      "version": "2.0.1",
      "resolved": "https://registry.npm.taobao.org/color-convert/download/color-convert-2.0.1.tgz",
      "integrity": "sha1-ctOmjVmMm9s68q0ehPIdiWq9TeM=",
      "dependencies": {
        "color-name": "~1.1.4"
      },
      "engines": {
        "node": ">=7.0.0"
      }
    },
    "node_modules/color-name": {
      "version": "1.1.4",
      "resolved": "https://registry.npm.taobao.org/color-name/download/color-name-1.1.4.tgz",
      "integrity": "sha1-wqCah6y95pVD3m9j+jmVyCbFNqI="
    },
    "node_modules/colorette": {
      "version": "1.2.2",
      "resolved": "https://registry.nlark.com/colorette/download/colorette-1.2.2.tgz?cache=0&sync_timestamp=1618847174680&other_urls=https%3A%2F%2Fregistry.nlark.com%2Fcolorette%2Fdownload%2Fcolorette-1.2.2.tgz",
      "integrity": "sha1-y8x51emcrqLb8Q6zom/Ys+as+pQ=",
      "dev": true
    },
    "node_modules/cookie": {
      "version": "0.4.1",
      "resolved": "https://registry.nlark.com/cookie/download/cookie-0.4.1.tgz",
      "integrity": "sha1-r9cT/ibr0hupXOth+agRblClN9E=",
      "engines": {
        "node": ">= 0.6"
      }
    },
    "node_modules/debug": {
      "version": "4.3.2",
      "resolved": "https://registry.npm.taobao.org/debug/download/debug-4.3.2.tgz?cache=0&sync_timestamp=1607566548985&other_urls=https%3A%2F%2Fregistry.npm.taobao.org%2Fdebug%2Fdownload%2Fdebug-4.3.2.tgz",
      "integrity": "sha1-8KScGKyHeeMdSgxgKd+3aHPHQos=",
      "dependencies": {
        "ms": "2.1.2"
      },
      "engines": {
        "node": ">=6.0"
      }
    },
    "node_modules/esbuild": {
      "version": "0.9.7",
      "resolved": "https://registry.nlark.com/esbuild/download/esbuild-0.9.7.tgz",
      "integrity": "sha1-6g1jnL5LiOwl++1Nb/AMjXiO9ws=",
      "dev": true,
      "bin": {
        "esbuild": "bin/esbuild"
      }
    },
    "node_modules/estree-walker": {
      "version": "2.0.2",
      "resolved": "https://registry.npm.taobao.org/estree-walker/download/estree-walker-2.0.2.tgz",
      "integrity": "sha1-UvAQF4wqTBF6d1fP6UKtt9LaTKw=",
      "dev": true
    },
    "node_modules/fsevents": {
      "version": "2.3.2",
      "resolved": "https://registry.npm.taobao.org/fsevents/download/fsevents-2.3.2.tgz?cache=0&sync_timestamp=1612536422255&other_urls=https%3A%2F%2Fregistry.npm.taobao.org%2Ffsevents%2Fdownload%2Ffsevents-2.3.2.tgz",
      "integrity": "sha1-ilJveLj99GI7cJ4Ll1xSwkwC/Ro=",
      "dev": true,
      "optional": true,
      "engines": {
        "node": "^8.16.0 || ^10.6.0 || >=11.0.0"
      }
    },
    "node_modules/function-bind": {
      "version": "1.1.1",
      "resolved": "https://registry.npm.taobao.org/function-bind/download/function-bind-1.1.1.tgz",
      "integrity": "sha1-pWiZ0+o8m6uHS7l3O3xe3pL0iV0="
    },
    "node_modules/has": {
      "version": "1.0.3",
      "resolved": "https://registry.npm.taobao.org/has/download/has-1.0.3.tgz",
      "integrity": "sha1-ci18v8H2qoJB8W3YFOAR4fQeh5Y=",
      "dependencies": {
        "function-bind": "^1.1.1"
      },
      "engines": {
        "node": ">= 0.4.0"
      }
    },
    "node_modules/has-flag": {
      "version": "4.0.0",
      "resolved": "https://registry.npm.taobao.org/has-flag/download/has-flag-4.0.0.tgz?cache=0&sync_timestamp=1618559697170&other_urls=https%3A%2F%2Fregistry.npm.taobao.org%2Fhas-flag%2Fdownload%2Fhas-flag-4.0.0.tgz",
      "integrity": "sha1-lEdx/ZyByBJlxNaUGGDaBrtZR5s=",
      "engines": {
        "node": ">=8"
      }
    },
    "node_modules/hash-sum": {
      "version": "2.0.0",
      "resolved": "https://registry.nlark.com/hash-sum/download/hash-sum-2.0.0.tgz",
      "integrity": "sha1-gdAbtd6OpKIUrV1urRtSNGCwtFo=",
      "dev": true
    },
    "node_modules/is-core-module": {
      "version": "2.3.0",
      "resolved": "https://registry.nlark.com/is-core-module/download/is-core-module-2.3.0.tgz?cache=0&other_urls=https%3A%2F%2Fregistry.nlark.com%2Fis-core-module%2Fdownload%2Fis-core-module-2.3.0.tgz",
      "integrity": "sha1-00FlLjQIvKacRnG3mglUo9NJ+Ic=",
      "dependencies": {
        "has": "^1.0.3"
      }
    },
    "node_modules/mri": {
      "version": "1.1.6",
      "resolved": "https://registry.npm.taobao.org/mri/download/mri-1.1.6.tgz?cache=0&sync_timestamp=1610110114384&other_urls=https%3A%2F%2Fregistry.npm.taobao.org%2Fmri%2Fdownload%2Fmri-1.1.6.tgz",
      "integrity": "sha1-SZUuEETbIdv5D2zZK8nJp3fUFaY=",
      "dev": true,
      "engines": {
        "node": ">=4"
      }
    },
    "node_modules/ms": {
      "version": "2.1.2",
      "resolved": "https://registry.npm.taobao.org/ms/download/ms-2.1.2.tgz?cache=0&sync_timestamp=1607433912031&other_urls=https%3A%2F%2Fregistry.npm.taobao.org%2Fms%2Fdownload%2Fms-2.1.2.tgz",
      "integrity": "sha1-0J0fNXtEP0kzgqjrPM0YOHKuYAk="
    },
    "node_modules/nanoid": {
      "version": "3.1.22",
      "resolved": "https://registry.npm.taobao.org/nanoid/download/nanoid-3.1.22.tgz?cache=0&sync_timestamp=1615820315842&other_urls=https%3A%2F%2Fregistry.npm.taobao.org%2Fnanoid%2Fdownload%2Fnanoid-3.1.22.tgz",
      "integrity": "sha1-s1+Pt9FRmQqK69WqUBXAPPcm+EQ=",
      "dev": true,
      "bin": {
        "nanoid": "bin/nanoid.cjs"
      },
      "engines": {
        "node": "^10 || ^12 || ^13.7 || ^14 || >=15.0.1"
      }
    },
    "node_modules/netlify-cli": {
      "version": "3.24.3",
      "resolved": "https://registry.nlark.com/netlify-cli/download/netlify-cli-3.24.3.tgz",
      "integrity": "sha1-WDXoESXVcllO4q9Hd2hOdLWVeA0=",
      "hasShrinkwrap": true,
      "dependencies": {
        "@netlify/build": "^11.3.2",
        "@netlify/config": "^6.3.2",
        "@netlify/framework-info": "^4.0.0",
        "@netlify/plugin-edge-handlers": "^1.11.6",
        "@netlify/plugins-list": "^2.8.0",
        "@netlify/traffic-mesh-agent": "^0.27.10",
        "@netlify/zip-it-and-ship-it": "^3.8.0",
        "@oclif/command": "^1.6.1",
        "@oclif/config": "^1.15.1",
        "@oclif/errors": "^1.3.4",
        "@oclif/parser": "^3.8.4",
        "@oclif/plugin-help": "^2.2.0",
        "@oclif/plugin-not-found": "^1.1.4",
        "@oclif/plugin-plugins": "^1.9.3",
        "@octokit/rest": "^18.0.0",
        "@sindresorhus/slugify": "^1.1.0",
        "@ungap/from-entries": "^0.2.1",
        "ansi-styles": "^5.0.0",
        "ascii-table": "0.0.9",
        "better-opn": "^2.1.1",
        "body-parser": "^1.19.0",
        "boxen": "^4.1.0",
        "chalk": "^2.4.2",
        "chokidar": "^3.0.2",
        "ci-info": "^3.0.0",
        "clean-deep": "^3.0.2",
        "cli-spinners": "^2.0.0",
        "cli-ux": "^5.5.1",
        "concordance": "^4.0.0",
        "configstore": "^5.0.0",
        "content-type": "^1.0.4",
        "cookie": "^0.4.0",
        "copy-template-dir": "^1.4.0",
        "debug": "^4.1.1",
        "del": "^5.1.0",
        "dot-prop": "^5.1.0",
        "dotenv": "^8.2.0",
        "env-paths": "^2.2.0",
        "envinfo": "^7.3.1",
        "execa": "^5.0.0",
        "express": "^4.17.1",
        "express-logging": "^1.1.1",
        "filter-obj": "^2.0.1",
        "find-up": "^4.1.0",
        "fuzzy": "^0.1.3",
        "get-port": "^5.1.0",
        "gh-release-fetch": "^1.1.0",
        "git-repo-info": "^2.1.0",
        "gitconfiglocal": "^2.1.0",
        "hasbin": "^1.2.3",
        "http-proxy": "^1.18.0",
        "http-proxy-middleware": "^1.0.0",
        "https-proxy-agent": "^5.0.0",
        "inquirer": "^6.5.1",
        "inquirer-autocomplete-prompt": "^1.0.1",
        "is-docker": "^2.0.0",
        "is-plain-obj": "^3.0.0",
        "isexe": "^2.0.0",
        "jwt-decode": "^3.0.0",
        "lambda-local": "^1.7.1",
        "listr": "^0.14.3",
        "locate-path": "^6.0.0",
        "lodash": "^4.17.20",
        "log-symbols": "^4.0.0",
        "make-dir": "^3.0.0",
        "memoize-one": "^5.2.1",
        "minimist": "^1.2.5",
        "multiparty": "^4.2.1",
        "netlify": "^6.1.24",
        "netlify-redirect-parser": "^3.0.20",
        "netlify-redirector": "^0.2.1",
        "node-fetch": "^2.6.0",
        "node-version-alias": "^1.0.1",
        "oclif-plugin-completion": "^0.6.0",
        "open": "^7.0.0",
        "ora": "^4.1.1",
        "p-event": "^4.2.0",
        "p-filter": "^2.1.0",
        "p-wait-for": "^3.0.0",
        "parse-github-url": "^1.0.2",
        "parse-gitignore": "^1.0.1",
        "path-exists": "^4.0.0",
        "path-key": "^3.1.1",
        "path-type": "^4.0.0",
        "prettyjson": "^1.2.1",
        "random-item": "^3.0.0",
        "raw-body": "^2.4.1",
        "resolve": "^1.12.0",
        "safe-join": "^0.1.3",
        "semver": "^7.3.4",
        "static-server": "^2.2.1",
        "strip-ansi-control-characters": "^2.0.0",
        "to-readable-stream": "^2.1.0",
        "update-notifier": "^4.0.0",
        "uuid": "^8.0.0",
        "wait-port": "^0.2.2",
        "which": "^2.0.2",
        "winston": "^3.2.1",
        "wrap-ansi": "^7.0.0",
        "write-file-atomic": "^3.0.0"
      },
      "bin": {
        "netlify": "bin/run",
        "ntl": "bin/run"
      },
      "engines": {
        "node": ">=10.18.0"
      }
    },
    "node_modules/path-parse": {
      "version": "1.0.6",
      "resolved": "https://registry.npm.taobao.org/path-parse/download/path-parse-1.0.6.tgz",
      "integrity": "sha1-1i27VnlAXXLEc37FhgDp3c8G0kw="
    },
    "node_modules/picomatch": {
      "version": "2.2.3",
      "resolved": "https://registry.npm.taobao.org/picomatch/download/picomatch-2.2.3.tgz?cache=0&sync_timestamp=1618049925917&other_urls=https%3A%2F%2Fregistry.npm.taobao.org%2Fpicomatch%2Fdownload%2Fpicomatch-2.2.3.tgz",
      "integrity": "sha1-RlVH81nMwgbTxI5Goby4m/fuYZ0=",
      "dev": true,
      "engines": {
        "node": ">=8.6"
      }
    },
    "node_modules/postcss": {
      "version": "8.2.13",
      "resolved": "https://registry.nlark.com/postcss/download/postcss-8.2.13.tgz?cache=0&sync_timestamp=1619440039303&other_urls=https%3A%2F%2Fregistry.nlark.com%2Fpostcss%2Fdownload%2Fpostcss-8.2.13.tgz",
      "integrity": "sha1-2+BD4m48Bo5FETse1jddLTfiEp8=",
      "dev": true,
      "dependencies": {
        "colorette": "^1.2.2",
        "nanoid": "^3.1.22",
        "source-map": "^0.6.1"
      },
      "engines": {
        "node": "^10 || ^12 || >=14"
      }
    },
    "node_modules/postcss/node_modules/source-map": {
      "version": "0.6.1",
      "resolved": "https://registry.npm.taobao.org/source-map/download/source-map-0.6.1.tgz",
      "integrity": "sha1-dHIq8y6WFOnCh6jQu95IteLxomM=",
      "dev": true,
      "engines": {
        "node": ">=0.10.0"
      }
    },
    "node_modules/require-relative": {
      "version": "0.8.7",
      "resolved": "https://registry.npm.taobao.org/require-relative/download/require-relative-0.8.7.tgz",
      "integrity": "sha1-eZlTn8ngR6N5KPoZb44VY9q9Nt4=",
      "dev": true
    },
    "node_modules/resolve": {
      "version": "1.20.0",
      "resolved": "https://registry.npm.taobao.org/resolve/download/resolve-1.20.0.tgz",
      "integrity": "sha1-YpoBP7P3B1XW8LeTXMHCxTeLGXU=",
      "dependencies": {
        "is-core-module": "^2.2.0",
        "path-parse": "^1.0.6"
      }
    },
    "node_modules/rollup": {
      "version": "2.46.0",
      "resolved": "https://registry.nlark.com/rollup/download/rollup-2.46.0.tgz",
      "integrity": "sha1-jKz4nS7jGjR1Xxr0CmZRaPWSuCk=",
      "dev": true,
      "dependencies": {
        "fsevents": "~2.3.1"
      },
      "bin": {
        "rollup": "dist/bin/rollup"
      },
      "engines": {
        "node": ">=10.0.0"
      },
      "optionalDependencies": {
        "fsevents": "~2.3.1"
      }
    },
    "node_modules/sade": {
      "version": "1.7.4",
      "resolved": "https://registry.npm.taobao.org/sade/download/sade-1.7.4.tgz",
      "integrity": "sha1-6mgeDGXSSNIJXJBXjAPKC7G1RpE=",
      "dev": true,
      "dependencies": {
        "mri": "^1.1.0"
      },
      "engines": {
        "node": ">= 6"
      }
    },
    "node_modules/slash": {
      "version": "4.0.0",
      "resolved": "https://registry.npm.taobao.org/slash/download/slash-4.0.0.tgz",
      "integrity": "sha1-JCI3IXbExsWt214q2oha+YSzlqc=",
      "dev": true,
      "engines": {
        "node": ">=12"
      }
    },
    "node_modules/source-map": {
      "version": "0.7.3",
      "resolved": "https://registry.npm.taobao.org/source-map/download/source-map-0.7.3.tgz",
      "integrity": "sha1-UwL4FpAxc1ImVECS5kmB91F1A4M=",
      "dev": true,
      "engines": {
        "node": ">= 8"
      }
    },
    "node_modules/supports-color": {
      "version": "7.2.0",
      "resolved": "https://registry.nlark.com/supports-color/download/supports-color-7.2.0.tgz?cache=0&sync_timestamp=1618846892710&other_urls=https%3A%2F%2Fregistry.nlark.com%2Fsupports-color%2Fdownload%2Fsupports-color-7.2.0.tgz",
      "integrity": "sha1-G33NyzK4E4gBs+R4umpRyqiWSNo=",
      "dependencies": {
        "has-flag": "^4.0.0"
      },
      "engines": {
        "node": ">=8"
      }
    },
    "node_modules/svelte": {
      "version": "3.38.1",
      "resolved": "https://registry.nlark.com/svelte/download/svelte-3.38.1.tgz",
      "integrity": "sha1-XYVqnWQ/VqjT4oH23YtPiWIVXKU=",
      "dev": true,
      "engines": {
        "node": ">= 8"
      }
    },
    "node_modules/svelte-hmr": {
      "version": "0.14.3",
      "resolved": "https://registry.nlark.com/svelte-hmr/download/svelte-hmr-0.14.3.tgz",
      "integrity": "sha1-tqZ4G8kjNS48JXzNfYfQGCHqLZU=",
      "dev": true,
      "peerDependencies": {
        "svelte": ">=3.19.0"
      }
    },
    "node_modules/toml": {
      "version": "3.0.0",
      "resolved": "https://registry.npm.taobao.org/toml/download/toml-3.0.0.tgz",
      "integrity": "sha1-NCFg8a8ZBOydIE0DpdYSItdixe4=",
      "dev": true
    },
    "node_modules/vite": {
      "version": "2.2.3",
      "resolved": "https://registry.nlark.com/vite/download/vite-2.2.3.tgz",
      "integrity": "sha1-GsvfpWrADgDnzLaYj2PxMML5nbs=",
      "dev": true,
      "dependencies": {
        "esbuild": "^0.9.3",
        "fsevents": "~2.3.1",
        "postcss": "^8.2.1",
        "resolve": "^1.19.0",
        "rollup": "^2.38.5"
      },
      "bin": {
        "vite": "bin/vite.js"
      },
      "engines": {
        "node": ">=12.0.0"
      },
      "optionalDependencies": {
        "fsevents": "~2.3.1"
      }
    }
  },
  "dependencies": {
    "@fontsource/fira-mono": {
      "version": "4.2.2",
      "resolved": "https://registry.nlark.com/@fontsource/fira-mono/download/@fontsource/fira-mono-4.2.2.tgz",
      "integrity": "sha1-rTmktcFod7FqIpl5XW3lWqrspPE="
    },
    "@lukeed/csprng": {
      "version": "1.0.0",
      "resolved": "https://registry.npm.taobao.org/@lukeed/csprng/download/@lukeed/csprng-1.0.0.tgz",
      "integrity": "sha1-czoSI4J0nSfi5G7Dj4xxydU6ljY="
    },
    "@lukeed/uuid": {
      "version": "2.0.0",
      "resolved": "https://registry.npm.taobao.org/@lukeed/uuid/download/@lukeed/uuid-2.0.0.tgz",
      "integrity": "sha1-HA8zwHHLaQK8O55HV4KtpzFO+b0=",
      "requires": {
        "@lukeed/csprng": "^1.0.0"
      }
    },
    "@rollup/pluginutils": {
      "version": "4.1.0",
      "resolved": "https://registry.nlark.com/@rollup/pluginutils/download/@rollup/pluginutils-4.1.0.tgz",
      "integrity": "sha1-Dcxhx4DjkldVT+t/dyB9zsoTyDg=",
      "dev": true,
      "requires": {
        "estree-walker": "^2.0.1",
        "picomatch": "^2.2.2"
      }
    },
    "@sveltejs/adapter-netlify": {
      "version": "1.0.0-next.10",
      "resolved": "https://registry.nlark.com/@sveltejs/adapter-netlify/download/@sveltejs/adapter-netlify-1.0.0-next.10.tgz",
      "integrity": "sha1-+Z+FA7Zv8dALoHqegDGPM4SpnPM=",
      "dev": true,
      "requires": {
        "@sveltejs/kit": "1.0.0-next.91",
        "esbuild": "^0.11.12",
        "toml": "^3.0.0"
      },
      "dependencies": {
        "@sveltejs/kit": {
          "version": "1.0.0-next.91",
          "resolved": "https://registry.nlark.com/@sveltejs/kit/download/@sveltejs/kit-1.0.0-next.91.tgz",
          "integrity": "sha1-mtwh1LZFrOOiAlsjDGIZvIZlO8g=",
          "dev": true,
          "requires": {
            "@sveltejs/vite-plugin-svelte": "^1.0.0-next.7",
            "cheap-watch": "^1.0.3",
            "sade": "^1.7.4"
          }
        },
        "esbuild": {
          "version": "0.11.17",
          "resolved": "https://registry.nlark.com/esbuild/download/esbuild-0.11.17.tgz",
          "integrity": "sha1-0qkpqRiGSrNkIXj0wNyEeE+GO1M=",
          "dev": true
        }
      }
    },
    "@sveltejs/kit": {
      "version": "1.0.0-next.94",
      "resolved": "https://registry.nlark.com/@sveltejs/kit/download/@sveltejs/kit-1.0.0-next.94.tgz",
      "integrity": "sha1-n1DrnimGK3V4aCFj4Vl4WGrrmTE=",
      "dev": true,
      "requires": {
        "@sveltejs/vite-plugin-svelte": "^1.0.0-next.9",
        "cheap-watch": "^1.0.3",
        "sade": "^1.7.4"
      }
    },
    "@sveltejs/vite-plugin-svelte": {
      "version": "1.0.0-next.9",
      "resolved": "https://registry.nlark.com/@sveltejs/vite-plugin-svelte/download/@sveltejs/vite-plugin-svelte-1.0.0-next.9.tgz",
      "integrity": "sha1-QJ4gwDApjpaMcdcb7xQWZcBue9k=",
      "dev": true,
      "requires": {
        "@rollup/pluginutils": "^4.1.0",
        "chalk": "^4.1.1",
        "debug": "^4.3.2",
        "hash-sum": "^2.0.0",
        "require-relative": "^0.8.7",
        "slash": "^4.0.0",
        "source-map": "^0.7.3",
        "svelte-hmr": "^0.14.2"
      }
    },
    "ansi-styles": {
      "version": "4.3.0",
      "resolved": "https://registry.nlark.com/ansi-styles/download/ansi-styles-4.3.0.tgz",
      "integrity": "sha1-7dgDYornHATIWuegkG7a00tkiTc=",
      "requires": {
        "color-convert": "^2.0.1"
      }
    },
    "chalk": {
      "version": "4.1.1",
      "resolved": "https://registry.nlark.com/chalk/download/chalk-4.1.1.tgz?cache=0&sync_timestamp=1618995384030&other_urls=https%3A%2F%2Fregistry.nlark.com%2Fchalk%2Fdownload%2Fchalk-4.1.1.tgz",
      "integrity": "sha1-yAs/qyi/Y3HmhjMl7uZ+YYt35q0=",
      "requires": {
        "ansi-styles": "^4.1.0",
        "supports-color": "^7.1.0"
      }
    },
    "cheap-watch": {
      "version": "1.0.3",
      "resolved": "https://registry.npm.taobao.org/cheap-watch/download/cheap-watch-1.0.3.tgz",
      "integrity": "sha1-PEJlcYvPjxrgj15FD59Gk0MuAo4=",
      "dev": true
    },
    "color-convert": {
      "version": "2.0.1",
      "resolved": "https://registry.npm.taobao.org/color-convert/download/color-convert-2.0.1.tgz",
      "integrity": "sha1-ctOmjVmMm9s68q0ehPIdiWq9TeM=",
      "requires": {
        "color-name": "~1.1.4"
      }
    },
    "color-name": {
      "version": "1.1.4",
      "resolved": "https://registry.npm.taobao.org/color-name/download/color-name-1.1.4.tgz",
      "integrity": "sha1-wqCah6y95pVD3m9j+jmVyCbFNqI="
    },
    "colorette": {
      "version": "1.2.2",
      "resolved": "https://registry.nlark.com/colorette/download/colorette-1.2.2.tgz?cache=0&sync_timestamp=1618847174680&other_urls=https%3A%2F%2Fregistry.nlark.com%2Fcolorette%2Fdownload%2Fcolorette-1.2.2.tgz",
      "integrity": "sha1-y8x51emcrqLb8Q6zom/Ys+as+pQ=",
      "dev": true
    },
    "cookie": {
      "version": "0.4.1",
      "resolved": "https://registry.nlark.com/cookie/download/cookie-0.4.1.tgz",
      "integrity": "sha1-r9cT/ibr0hupXOth+agRblClN9E="
    },
    "debug": {
      "version": "4.3.2",
      "resolved": "https://registry.npm.taobao.org/debug/download/debug-4.3.2.tgz?cache=0&sync_timestamp=1607566548985&other_urls=https%3A%2F%2Fregistry.npm.taobao.org%2Fdebug%2Fdownload%2Fdebug-4.3.2.tgz",
      "integrity": "sha1-8KScGKyHeeMdSgxgKd+3aHPHQos=",
      "requires": {
        "ms": "2.1.2"
      }
    },
    "esbuild": {
      "version": "0.9.7",
      "resolved": "https://registry.nlark.com/esbuild/download/esbuild-0.9.7.tgz",
      "integrity": "sha1-6g1jnL5LiOwl++1Nb/AMjXiO9ws=",
      "dev": true
    },
    "estree-walker": {
      "version": "2.0.2",
      "resolved": "https://registry.npm.taobao.org/estree-walker/download/estree-walker-2.0.2.tgz",
      "integrity": "sha1-UvAQF4wqTBF6d1fP6UKtt9LaTKw=",
      "dev": true
    },
    "fsevents": {
      "version": "2.3.2",
      "resolved": "https://registry.npm.taobao.org/fsevents/download/fsevents-2.3.2.tgz?cache=0&sync_timestamp=1612536422255&other_urls=https%3A%2F%2Fregistry.npm.taobao.org%2Ffsevents%2Fdownload%2Ffsevents-2.3.2.tgz",
      "integrity": "sha1-ilJveLj99GI7cJ4Ll1xSwkwC/Ro=",
      "dev": true,
      "optional": true
    },
    "function-bind": {
      "version": "1.1.1",
      "resolved": "https://registry.npm.taobao.org/function-bind/download/function-bind-1.1.1.tgz",
      "integrity": "sha1-pWiZ0+o8m6uHS7l3O3xe3pL0iV0="
    },
    "has": {
      "version": "1.0.3",
      "resolved": "https://registry.npm.taobao.org/has/download/has-1.0.3.tgz",
      "integrity": "sha1-ci18v8H2qoJB8W3YFOAR4fQeh5Y=",
      "requires": {
        "function-bind": "^1.1.1"
      }
    },
    "has-flag": {
      "version": "4.0.0",
      "resolved": "https://registry.npm.taobao.org/has-flag/download/has-flag-4.0.0.tgz?cache=0&sync_timestamp=1618559697170&other_urls=https%3A%2F%2Fregistry.npm.taobao.org%2Fhas-flag%2Fdownload%2Fhas-flag-4.0.0.tgz",
      "integrity": "sha1-lEdx/ZyByBJlxNaUGGDaBrtZR5s="
    },
    "hash-sum": {
      "version": "2.0.0",
      "resolved": "https://registry.nlark.com/hash-sum/download/hash-sum-2.0.0.tgz",
      "integrity": "sha1-gdAbtd6OpKIUrV1urRtSNGCwtFo=",
      "dev": true
    },
    "is-core-module": {
      "version": "2.3.0",
      "resolved": "https://registry.nlark.com/is-core-module/download/is-core-module-2.3.0.tgz?cache=0&other_urls=https%3A%2F%2Fregistry.nlark.com%2Fis-core-module%2Fdownload%2Fis-core-module-2.3.0.tgz",
      "integrity": "sha1-00FlLjQIvKacRnG3mglUo9NJ+Ic=",
      "requires": {
        "has": "^1.0.3"
      }
    },
    "mri": {
      "version": "1.1.6",
      "resolved": "https://registry.npm.taobao.org/mri/download/mri-1.1.6.tgz?cache=0&sync_timestamp=1610110114384&other_urls=https%3A%2F%2Fregistry.npm.taobao.org%2Fmri%2Fdownload%2Fmri-1.1.6.tgz",
      "integrity": "sha1-SZUuEETbIdv5D2zZK8nJp3fUFaY=",
      "dev": true
    },
    "ms": {
      "version": "2.1.2",
      "resolved": "https://registry.npm.taobao.org/ms/download/ms-2.1.2.tgz?cache=0&sync_timestamp=1607433912031&other_urls=https%3A%2F%2Fregistry.npm.taobao.org%2Fms%2Fdownload%2Fms-2.1.2.tgz",
      "integrity": "sha1-0J0fNXtEP0kzgqjrPM0YOHKuYAk="
    },
    "nanoid": {
      "version": "3.1.22",
      "resolved": "https://registry.npm.taobao.org/nanoid/download/nanoid-3.1.22.tgz?cache=0&sync_timestamp=1615820315842&other_urls=https%3A%2F%2Fregistry.npm.taobao.org%2Fnanoid%2Fdownload%2Fnanoid-3.1.22.tgz",
      "integrity": "sha1-s1+Pt9FRmQqK69WqUBXAPPcm+EQ=",
      "dev": true
    },
    "netlify-cli": {
      "version": "3.24.3",
      "resolved": "https://registry.nlark.com/netlify-cli/download/netlify-cli-3.24.3.tgz",
      "integrity": "sha1-WDXoESXVcllO4q9Hd2hOdLWVeA0=",
      "requires": {
        "@netlify/build": "^11.3.2",
        "@netlify/config": "^6.3.2",
        "@netlify/framework-info": "^4.0.0",
        "@netlify/plugin-edge-handlers": "^1.11.6",
        "@netlify/plugins-list": "^2.8.0",
        "@netlify/traffic-mesh-agent": "^0.27.10",
        "@netlify/zip-it-and-ship-it": "^3.8.0",
        "@oclif/command": "^1.6.1",
        "@oclif/config": "^1.15.1",
        "@oclif/errors": "^1.3.4",
        "@oclif/parser": "^3.8.4",
        "@oclif/plugin-help": "^2.2.0",
        "@oclif/plugin-not-found": "^1.1.4",
        "@oclif/plugin-plugins": "^1.9.3",
        "@octokit/rest": "^18.0.0",
        "@sindresorhus/slugify": "^1.1.0",
        "@ungap/from-entries": "^0.2.1",
        "ansi-styles": "^5.0.0",
        "ascii-table": "0.0.9",
        "better-opn": "^2.1.1",
        "body-parser": "^1.19.0",
        "boxen": "^4.1.0",
        "chalk": "^2.4.2",
        "chokidar": "^3.0.2",
        "ci-info": "^3.0.0",
        "clean-deep": "^3.0.2",
        "cli-spinners": "^2.0.0",
        "cli-ux": "^5.5.1",
        "concordance": "^4.0.0",
        "configstore": "^5.0.0",
        "content-type": "^1.0.4",
        "cookie": "^0.4.0",
        "copy-template-dir": "^1.4.0",
        "debug": "^4.1.1",
        "del": "^5.1.0",
        "dot-prop": "^5.1.0",
        "dotenv": "^8.2.0",
        "env-paths": "^2.2.0",
        "envinfo": "^7.3.1",
        "execa": "^5.0.0",
        "express": "^4.17.1",
        "express-logging": "^1.1.1",
        "filter-obj": "^2.0.1",
        "find-up": "^4.1.0",
        "fuzzy": "^0.1.3",
        "get-port": "^5.1.0",
        "gh-release-fetch": "^1.1.0",
        "git-repo-info": "^2.1.0",
        "gitconfiglocal": "^2.1.0",
        "hasbin": "^1.2.3",
        "http-proxy": "^1.18.0",
        "http-proxy-middleware": "^1.0.0",
        "https-proxy-agent": "^5.0.0",
        "inquirer": "^6.5.1",
        "inquirer-autocomplete-prompt": "^1.0.1",
        "is-docker": "^2.0.0",
        "is-plain-obj": "^3.0.0",
        "isexe": "^2.0.0",
        "jwt-decode": "^3.0.0",
        "lambda-local": "^1.7.1",
        "listr": "^0.14.3",
        "locate-path": "^6.0.0",
        "lodash": "^4.17.20",
        "log-symbols": "^4.0.0",
        "make-dir": "^3.0.0",
        "memoize-one": "^5.2.1",
        "minimist": "^1.2.5",
        "multiparty": "^4.2.1",
        "netlify": "^6.1.24",
        "netlify-redirect-parser": "^3.0.20",
        "netlify-redirector": "^0.2.1",
        "node-fetch": "^2.6.0",
        "node-version-alias": "^1.0.1",
        "oclif-plugin-completion": "^0.6.0",
        "open": "^7.0.0",
        "ora": "^4.1.1",
        "p-event": "^4.2.0",
        "p-filter": "^2.1.0",
        "p-wait-for": "^3.0.0",
        "parse-github-url": "^1.0.2",
        "parse-gitignore": "^1.0.1",
        "path-exists": "^4.0.0",
        "path-key": "^3.1.1",
        "path-type": "^4.0.0",
        "prettyjson": "^1.2.1",
        "random-item": "^3.0.0",
        "raw-body": "^2.4.1",
        "resolve": "^1.12.0",
        "safe-join": "^0.1.3",
        "semver": "^7.3.4",
        "static-server": "^2.2.1",
        "strip-ansi-control-characters": "^2.0.0",
        "to-readable-stream": "^2.1.0",
        "update-notifier": "^4.0.0",
        "uuid": "^8.0.0",
        "wait-port": "^0.2.2",
        "which": "^2.0.2",
        "winston": "^3.2.1",
        "wrap-ansi": "^7.0.0",
        "write-file-atomic": "^3.0.0"
      }
    },
    "path-parse": {
      "version": "1.0.6",
      "resolved": "https://registry.npm.taobao.org/path-parse/download/path-parse-1.0.6.tgz",
      "integrity": "sha1-1i27VnlAXXLEc37FhgDp3c8G0kw="
    },
    "picomatch": {
      "version": "2.2.3",
      "resolved": "https://registry.npm.taobao.org/picomatch/download/picomatch-2.2.3.tgz?cache=0&sync_timestamp=1618049925917&other_urls=https%3A%2F%2Fregistry.npm.taobao.org%2Fpicomatch%2Fdownload%2Fpicomatch-2.2.3.tgz",
      "integrity": "sha1-RlVH81nMwgbTxI5Goby4m/fuYZ0=",
      "dev": true
    },
    "postcss": {
      "version": "8.2.13",
      "resolved": "https://registry.nlark.com/postcss/download/postcss-8.2.13.tgz?cache=0&sync_timestamp=1619440039303&other_urls=https%3A%2F%2Fregistry.nlark.com%2Fpostcss%2Fdownload%2Fpostcss-8.2.13.tgz",
      "integrity": "sha1-2+BD4m48Bo5FETse1jddLTfiEp8=",
      "dev": true,
      "requires": {
        "colorette": "^1.2.2",
        "nanoid": "^3.1.22",
        "source-map": "^0.6.1"
      },
      "dependencies": {
        "source-map": {
          "version": "0.6.1",
          "resolved": "https://registry.npm.taobao.org/source-map/download/source-map-0.6.1.tgz",
          "integrity": "sha1-dHIq8y6WFOnCh6jQu95IteLxomM=",
          "dev": true
        }
      }
    },
    "require-relative": {
      "version": "0.8.7",
      "resolved": "https://registry.npm.taobao.org/require-relative/download/require-relative-0.8.7.tgz",
      "integrity": "sha1-eZlTn8ngR6N5KPoZb44VY9q9Nt4=",
      "dev": true
    },
    "resolve": {
      "version": "1.20.0",
      "resolved": "https://registry.npm.taobao.org/resolve/download/resolve-1.20.0.tgz",
      "integrity": "sha1-YpoBP7P3B1XW8LeTXMHCxTeLGXU=",
      "requires": {
        "is-core-module": "^2.2.0",
        "path-parse": "^1.0.6"
      }
    },
    "rollup": {
      "version": "2.46.0",
      "resolved": "https://registry.nlark.com/rollup/download/rollup-2.46.0.tgz",
      "integrity": "sha1-jKz4nS7jGjR1Xxr0CmZRaPWSuCk=",
      "dev": true,
      "requires": {
        "fsevents": "~2.3.1"
      }
    },
    "sade": {
      "version": "1.7.4",
      "resolved": "https://registry.npm.taobao.org/sade/download/sade-1.7.4.tgz",
      "integrity": "sha1-6mgeDGXSSNIJXJBXjAPKC7G1RpE=",
      "dev": true,
      "requires": {
        "mri": "^1.1.0"
      }
    },
    "slash": {
      "version": "4.0.0",
      "resolved": "https://registry.npm.taobao.org/slash/download/slash-4.0.0.tgz",
      "integrity": "sha1-JCI3IXbExsWt214q2oha+YSzlqc=",
      "dev": true
    },
    "source-map": {
      "version": "0.7.3",
      "resolved": "https://registry.npm.taobao.org/source-map/download/source-map-0.7.3.tgz",
      "integrity": "sha1-UwL4FpAxc1ImVECS5kmB91F1A4M=",
      "dev": true
    },
    "supports-color": {
      "version": "7.2.0",
      "resolved": "https://registry.nlark.com/supports-color/download/supports-color-7.2.0.tgz?cache=0&sync_timestamp=1618846892710&other_urls=https%3A%2F%2Fregistry.nlark.com%2Fsupports-color%2Fdownload%2Fsupports-color-7.2.0.tgz",
      "integrity": "sha1-G33NyzK4E4gBs+R4umpRyqiWSNo=",
      "requires": {
        "has-flag": "^4.0.0"
      }
    },
    "svelte": {
      "version": "3.38.1",
      "resolved": "https://registry.nlark.com/svelte/download/svelte-3.38.1.tgz",
      "integrity": "sha1-XYVqnWQ/VqjT4oH23YtPiWIVXKU=",
      "dev": true
    },
    "svelte-hmr": {
      "version": "0.14.3",
      "resolved": "https://registry.nlark.com/svelte-hmr/download/svelte-hmr-0.14.3.tgz",
      "integrity": "sha1-tqZ4G8kjNS48JXzNfYfQGCHqLZU=",
      "dev": true,
      "requires": {}
    },
    "toml": {
      "version": "3.0.0",
      "resolved": "https://registry.npm.taobao.org/toml/download/toml-3.0.0.tgz",
      "integrity": "sha1-NCFg8a8ZBOydIE0DpdYSItdixe4=",
      "dev": true
    },
    "vite": {
      "version": "2.2.3",
      "resolved": "https://registry.nlark.com/vite/download/vite-2.2.3.tgz",
      "integrity": "sha1-GsvfpWrADgDnzLaYj2PxMML5nbs=",
      "dev": true,
      "requires": {
        "esbuild": "^0.9.3",
        "fsevents": "~2.3.1",
        "postcss": "^8.2.1",
        "resolve": "^1.19.0",
        "rollup": "^2.38.5"
      }
    }
  }
}
